
Microsoft Visual Studio Solution File, Format Version 12.00
# Visual Studio Version 17
VisualStudioVersion = 17.11.35327.3
MinimumVisualStudioVersion = 10.0.40219.1
Project("{FAE04EC0-301F-11D3-BF4B-00C04F79EFBC}") = "sortedArray", "sortedArray\sortedArray.csproj", "{53DB08F5-B20E-442B-B144-054CAE511963}"
EndProject
Global
	GlobalSection(SolutionConfigurationPlatforms) = preSolution
		Debug|Any CPU = Debug|Any CPU
		Release|Any CPU = Release|Any CPU
	EndGlobalSection
	GlobalSection(ProjectConfigurationPlatforms) = postSolution
		{53DB08F5-B20E-442B-B144-054CAE511963}.Debug|Any CPU.ActiveCfg = Debug|Any CPU
		{53DB08F5-B20E-442B-B144-054CAE511963}.Debug|Any CPU.Build.0 = Debug|Any CPU
		{53DB08F5-B20E-442B-B144-054CAE511963}.Release|Any CPU.ActiveCfg = Release|Any CPU
		{53DB08F5-B20E-442B-B144-054CAE511963}.Release|Any CPU.Build.0 = Release|Any CPU
	EndGlobalSection
	GlobalSection(SolutionProperties) = preSolution
		HideSolutionNode = FALSE
	EndGlobalSection
	GlobalSection(ExtensibilityGlobals) = postSolution
		SolutionGuid = {4BC65AC7-0720-4CDE-B6A3-2F79FBD2F02E}
	EndGlobalSection
EndGlobal
